
Microsoft Visual Studio Solution File, Format Version 12.00
# Visual Studio Version 17
VisualStudioVersion = 17.9.34701.34
MinimumVisualStudioVersion = 10.0.40219.1
Project("{FAE04EC0-301F-11D3-BF4B-00C04F79EFBC}") = "Klijent", "Klijent\Klijent.csproj", "{857AF627-C4B5-4ECE-B524-B9D3764A85D8}"
EndProject
Project("{FAE04EC0-301F-11D3-BF4B-00C04F79EFBC}") = "Server", "Server\Server.csproj", "{4FF9EA34-B762-453B-B82F-55DC785E3210}"
EndProject
Project("{FAE04EC0-301F-11D3-BF4B-00C04F79EFBC}") = "PacketSniffer", "PacketSniffer\PacketSniffer.csproj", "{B92D833B-7444-48A4-8AC2-AA55C50FCFF9}"
EndProject
Project("{FAE04EC0-301F-11D3-BF4B-00C04F79EFBC}") = "Klase", "ClassLibrary\Klase.csproj", "{7492E55D-F08E-485F-965E-E73EFB342646}"
EndProject
Global
	GlobalSection(SolutionConfigurationPlatforms) = preSolution
		Debug|Any CPU = Debug|Any CPU
		Release|Any CPU = Release|Any CPU
	EndGlobalSection
	GlobalSection(ProjectConfigurationPlatforms) = postSolution
		{857AF627-C4B5-4ECE-B524-B9D3764A85D8}.Debug|Any CPU.ActiveCfg = Debug|Any CPU
		{857AF627-C4B5-4ECE-B524-B9D3764A85D8}.Debug|Any CPU.Build.0 = Debug|Any CPU
		{857AF627-C4B5-4ECE-B524-B9D3764A85D8}.Release|Any CPU.ActiveCfg = Release|Any CPU
		{857AF627-C4B5-4ECE-B524-B9D3764A85D8}.Release|Any CPU.Build.0 = Release|Any CPU
		{4FF9EA34-B762-453B-B82F-55DC785E3210}.Debug|Any CPU.ActiveCfg = Debug|Any CPU
		{4FF9EA34-B762-453B-B82F-55DC785E3210}.Debug|Any CPU.Build.0 = Debug|Any CPU
		{4FF9EA34-B762-453B-B82F-55DC785E3210}.Release|Any CPU.ActiveCfg = Release|Any CPU
		{4FF9EA34-B762-453B-B82F-55DC785E3210}.Release|Any CPU.Build.0 = Release|Any CPU
		{B92D833B-7444-48A4-8AC2-AA55C50FCFF9}.Debug|Any CPU.ActiveCfg = Debug|Any CPU
		{B92D833B-7444-48A4-8AC2-AA55C50FCFF9}.Debug|Any CPU.Build.0 = Debug|Any CPU
		{B92D833B-7444-48A4-8AC2-AA55C50FCFF9}.Release|Any CPU.ActiveCfg = Release|Any CPU
		{B92D833B-7444-48A4-8AC2-AA55C50FCFF9}.Release|Any CPU.Build.0 = Release|Any CPU
		{7492E55D-F08E-485F-965E-E73EFB342646}.Debug|Any CPU.ActiveCfg = Debug|Any CPU
		{7492E55D-F08E-485F-965E-E73EFB342646}.Debug|Any CPU.Build.0 = Debug|Any CPU
		{7492E55D-F08E-485F-965E-E73EFB342646}.Release|Any CPU.ActiveCfg = Release|Any CPU
		{7492E55D-F08E-485F-965E-E73EFB342646}.Release|Any CPU.Build.0 = Release|Any CPU
	EndGlobalSection
	GlobalSection(SolutionProperties) = preSolution
		HideSolutionNode = FALSE
	EndGlobalSection
	GlobalSection(ExtensibilityGlobals) = postSolution
		SolutionGuid = {00063998-33BB-48D1-9C0C-8534DC7447A9}
	EndGlobalSection
EndGlobal
